// !$*UTF8*$!
{
	archiveVersion = 1;
	classes = {
	};
	objectVersion = 46;
	objects = {

/* Begin PBXBuildFile section */
		22346AEE195F0B5300495B2A /* MenuCategoryCell.m in Sources */ = {isa = PBXBuildFile; fileRef = 22346AEC195F0B5300495B2A /* MenuCategoryCell.m */; };
		22346AEF195F0B5300495B2A /* MenuCategoryCell.xib in Resources */ = {isa = PBXBuildFile; fileRef = 22346AED195F0B5300495B2A /* MenuCategoryCell.xib */; };
		22346AF4195F0B5A00495B2A /* MenuItemCell.m in Sources */ = {isa = PBXBuildFile; fileRef = 22346AF2195F0B5A00495B2A /* MenuItemCell.m */; };
		22346AF5195F0B5A00495B2A /* MenuItemCell.xib in Resources */ = {isa = PBXBuildFile; fileRef = 22346AF3195F0B5A00495B2A /* MenuItemCell.xib */; };
		22346B58195F209000495B2A /* Alert.m in Sources */ = {isa = PBXBuildFile; fileRef = 22346B57195F209000495B2A /* Alert.m */; };
		2265A7001964292D0059EC0E /* MapDataProvider.m in Sources */ = {isa = PBXBuildFile; fileRef = 2265A6FC1964292D0059EC0E /* MapDataProvider.m */; };
		2265A7011964292D0059EC0E /* MenuDataProvider.m in Sources */ = {isa = PBXBuildFile; fileRef = 2265A6FF1964292D0059EC0E /* MenuDataProvider.m */; };
		2265A70519642B1B0059EC0E /* RequestManager.m in Sources */ = {isa = PBXBuildFile; fileRef = 2265A70419642B1B0059EC0E /* RequestManager.m */; };
		2295C9321955B5EE00D6A4D7 /* MenuViewController.m in Sources */ = {isa = PBXBuildFile; fileRef = 2295C92C1955B5EE00D6A4D7 /* MenuViewController.m */; };
		2B1ABB9D1958466500BF5678 /* MapDataParser.m in Sources */ = {isa = PBXBuildFile; fileRef = 2B1ABB9C1958466500BF5678 /* MapDataParser.m */; };
		632C192D1964134200471DB6 /* ItemDescription.m in Sources */ = {isa = PBXBuildFile; fileRef = 632C192B1964134200471DB6 /* ItemDescription.m */; };
		632C192E1964134200471DB6 /* ItemDescription.xib in Resources */ = {isa = PBXBuildFile; fileRef = 632C192C1964134200471DB6 /* ItemDescription.xib */; };
		C348B3D3193DE5E90004808D /* RemoteDataProvider.m in Sources */ = {isa = PBXBuildFile; fileRef = C348B3D2193DE5E90004808D /* RemoteDataProvider.m */; };
		ED58B567196BEAB300396CED /* UserRole.m in Sources */ = {isa = PBXBuildFile; fileRef = ED58B566196BEAB300396CED /* UserRole.m */; };
		ED89D3EC1965B08A00882F5C /* OrderItemModel.m in Sources */ = {isa = PBXBuildFile; fileRef = ED89D3E71965B08A00882F5C /* OrderItemModel.m */; };
		ED89D3ED1965B08A00882F5C /* OrderModel.m in Sources */ = {isa = PBXBuildFile; fileRef = ED89D3E91965B08A00882F5C /* OrderModel.m */; };
		ED89D3EE1965B08A00882F5C /* WaiterTableModel.m in Sources */ = {isa = PBXBuildFile; fileRef = ED89D3EB1965B08A00882F5C /* WaiterTableModel.m */; };
		ED89D3F11965B0AA00882F5C /* WaiterMapModel.m in Sources */ = {isa = PBXBuildFile; fileRef = ED89D3F01965B0AA00882F5C /* WaiterMapModel.m */; };
		ED9AAE8D1959B8BA00656681 /* MapViewController.m in Sources */ = {isa = PBXBuildFile; fileRef = ED9AAE891959B8BA00656681 /* MapViewController.m */; };
		ED9AAE8E1959B8BA00656681 /* TableView.m in Sources */ = {isa = PBXBuildFile; fileRef = ED9AAE8C1959B8BA00656681 /* TableView.m */; };
		EDA13E2C196ADCC400CF579C /* map_icon.png in Resources */ = {isa = PBXBuildFile; fileRef = EDA13E27196ADCC400CF579C /* map_icon.png */; };
		EDA13E2D196ADCC400CF579C /* map_waiter_icon.png in Resources */ = {isa = PBXBuildFile; fileRef = EDA13E28196ADCC400CF579C /* map_waiter_icon.png */; };
		EDA13E2E196ADCC400CF579C /* menu_icon.png in Resources */ = {isa = PBXBuildFile; fileRef = EDA13E29196ADCC400CF579C /* menu_icon.png */; };
		EDA4E34D196BD97F008E7CE2 /* home_page_icon.png in Resources */ = {isa = PBXBuildFile; fileRef = EDA4E34C196BD97F008E7CE2 /* home_page_icon.png */; };
		EDBDFE12196720C700E65DCA /* SWRevealViewController.m in Sources */ = {isa = PBXBuildFile; fileRef = EDBDFE11196720C700E65DCA /* SWRevealViewController.m */; };
		EDBDFE191967218600E65DCA /* OrdersViewController.m in Sources */ = {isa = PBXBuildFile; fileRef = EDBDFE151967218600E65DCA /* OrdersViewController.m */; };
		EDBDFE1A1967218600E65DCA /* SidebarViewController.m in Sources */ = {isa = PBXBuildFile; fileRef = EDBDFE181967218600E65DCA /* SidebarViewController.m */; };
		EDBDFE331967219000E65DCA /* menu.png in Resources */ = {isa = PBXBuildFile; fileRef = EDBDFE231967219000E65DCA /* menu.png */; };
		EDBDFE341967219000E65DCA /* menu@2x.png in Resources */ = {isa = PBXBuildFile; fileRef = EDBDFE241967219000E65DCA /* menu@2x.png */; };
		EDCE5C84196BE3F800496B34 /* HomeViewController.m in Sources */ = {isa = PBXBuildFile; fileRef = EDCE5C83196BE3F800496B34 /* HomeViewController.m */; };
		EDCE5C88196BE4C600496B34 /* role_client_icon.png in Resources */ = {isa = PBXBuildFile; fileRef = EDCE5C86196BE4C600496B34 /* role_client_icon.png */; };
		EDCE5C89196BE4C600496B34 /* role_waiter_icon.png in Resources */ = {isa = PBXBuildFile; fileRef = EDCE5C87196BE4C600496B34 /* role_waiter_icon.png */; };
		EDE50DF7193E110500ACA71D /* ServiceAgent.m in Sources */ = {isa = PBXBuildFile; fileRef = EDE50DF6193E110500ACA71D /* ServiceAgent.m */; };
		EDEC47291956F9950041B98B /* MapModel.m in Sources */ = {isa = PBXBuildFile; fileRef = EDEC47251956F9950041B98B /* MapModel.m */; };
		EDEC472A1956F9950041B98B /* TableModel.m in Sources */ = {isa = PBXBuildFile; fileRef = EDEC47281956F9950041B98B /* TableModel.m */; };
		EDEC47341956FACB0041B98B /* MenuCategoryModel.m in Sources */ = {isa = PBXBuildFile; fileRef = EDEC472E1956FACB0041B98B /* MenuCategoryModel.m */; };
		EDEC47351956FACB0041B98B /* MenuItemModel.m in Sources */ = {isa = PBXBuildFile; fileRef = EDEC47311956FACB0041B98B /* MenuItemModel.m */; };
		EDEC47361956FACB0041B98B /* MenuModel.m in Sources */ = {isa = PBXBuildFile; fileRef = EDEC47331956FACB0041B98B /* MenuModel.m */; };
		EDEC473B1956FBB90041B98B /* MenuDataParser.m in Sources */ = {isa = PBXBuildFile; fileRef = EDEC473A1956FBB90041B98B /* MenuDataParser.m */; };
		FA336C1D19335B950007CC76 /* Foundation.framework in Frameworks */ = {isa = PBXBuildFile; fileRef = FA336C1C19335B950007CC76 /* Foundation.framework */; };
		FA336C1F19335B950007CC76 /* CoreGraphics.framework in Frameworks */ = {isa = PBXBuildFile; fileRef = FA336C1E19335B950007CC76 /* CoreGraphics.framework */; };
		FA336C2119335B950007CC76 /* UIKit.framework in Frameworks */ = {isa = PBXBuildFile; fileRef = FA336C2019335B950007CC76 /* UIKit.framework */; };
		FA336C2719335B950007CC76 /* InfoPlist.strings in Resources */ = {isa = PBXBuildFile; fileRef = FA336C2519335B950007CC76 /* InfoPlist.strings */; };
		FA336C2919335B950007CC76 /* main.m in Sources */ = {isa = PBXBuildFile; fileRef = FA336C2819335B950007CC76 /* main.m */; };
		FA336C2D19335B950007CC76 /* AppDelegate.m in Sources */ = {isa = PBXBuildFile; fileRef = FA336C2C19335B950007CC76 /* AppDelegate.m */; };
		FA336C3019335B950007CC76 /* Main_iPhone.storyboard in Resources */ = {isa = PBXBuildFile; fileRef = FA336C2E19335B950007CC76 /* Main_iPhone.storyboard */; };
		FA336C3319335B950007CC76 /* Main_iPad.storyboard in Resources */ = {isa = PBXBuildFile; fileRef = FA336C3119335B950007CC76 /* Main_iPad.storyboard */; };
		FA336C3819335B950007CC76 /* Images.xcassets in Resources */ = {isa = PBXBuildFile; fileRef = FA336C3719335B950007CC76 /* Images.xcassets */; };
		FA336C3F19335B950007CC76 /* XCTest.framework in Frameworks */ = {isa = PBXBuildFile; fileRef = FA336C3E19335B950007CC76 /* XCTest.framework */; };
		FA336C4019335B950007CC76 /* Foundation.framework in Frameworks */ = {isa = PBXBuildFile; fileRef = FA336C1C19335B950007CC76 /* Foundation.framework */; };
		FA336C4119335B950007CC76 /* UIKit.framework in Frameworks */ = {isa = PBXBuildFile; fileRef = FA336C2019335B950007CC76 /* UIKit.framework */; };
		FA336C4919335B950007CC76 /* InfoPlist.strings in Resources */ = {isa = PBXBuildFile; fileRef = FA336C4719335B950007CC76 /* InfoPlist.strings */; };
		FA336C4B19335B950007CC76 /* LV_116_iOS_SS_RestaurantTests.m in Sources */ = {isa = PBXBuildFile; fileRef = FA336C4A19335B950007CC76 /* LV_116_iOS_SS_RestaurantTests.m */; };
/* End PBXBuildFile section */

/* Begin PBXContainerItemProxy section */
		FA336C4219335B950007CC76 /* PBXContainerItemProxy */ = {
			isa = PBXContainerItemProxy;
			containerPortal = FA336C1119335B950007CC76 /* Project object */;
			proxyType = 1;
			remoteGlobalIDString = FA336C1819335B950007CC76;
			remoteInfo = "LV-116.iOS.SS.Restaurant";
		};
/* End PBXContainerItemProxy section */

/* Begin PBXFileReference section */
		22346AEB195F0B5300495B2A /* MenuCategoryCell.h */ = {isa = PBXFileReference; fileEncoding = 4; lastKnownFileType = sourcecode.c.h; path = MenuCategoryCell.h; sourceTree = "<group>"; };
		22346AEC195F0B5300495B2A /* MenuCategoryCell.m */ = {isa = PBXFileReference; fileEncoding = 4; lastKnownFileType = sourcecode.c.objc; path = MenuCategoryCell.m; sourceTree = "<group>"; };
		22346AED195F0B5300495B2A /* MenuCategoryCell.xib */ = {isa = PBXFileReference; fileEncoding = 4; lastKnownFileType = file.xib; path = MenuCategoryCell.xib; sourceTree = "<group>"; };
		22346AF1195F0B5A00495B2A /* MenuItemCell.h */ = {isa = PBXFileReference; fileEncoding = 4; lastKnownFileType = sourcecode.c.h; path = MenuItemCell.h; sourceTree = "<group>"; };
		22346AF2195F0B5A00495B2A /* MenuItemCell.m */ = {isa = PBXFileReference; fileEncoding = 4; lastKnownFileType = sourcecode.c.objc; path = MenuItemCell.m; sourceTree = "<group>"; };
		22346AF3195F0B5A00495B2A /* MenuItemCell.xib */ = {isa = PBXFileReference; fileEncoding = 4; lastKnownFileType = file.xib; path = MenuItemCell.xib; sourceTree = "<group>"; };
		22346B56195F209000495B2A /* Alert.h */ = {isa = PBXFileReference; fileEncoding = 4; lastKnownFileType = sourcecode.c.h; path = Alert.h; sourceTree = "<group>"; };
		22346B57195F209000495B2A /* Alert.m */ = {isa = PBXFileReference; fileEncoding = 4; lastKnownFileType = sourcecode.c.objc; path = Alert.m; sourceTree = "<group>"; };
		2265A6FB1964292D0059EC0E /* MapDataProvider.h */ = {isa = PBXFileReference; fileEncoding = 4; lastKnownFileType = sourcecode.c.h; path = MapDataProvider.h; sourceTree = "<group>"; };
		2265A6FC1964292D0059EC0E /* MapDataProvider.m */ = {isa = PBXFileReference; fileEncoding = 4; lastKnownFileType = sourcecode.c.objc; path = MapDataProvider.m; sourceTree = "<group>"; };
		2265A6FE1964292D0059EC0E /* MenuDataProvider.h */ = {isa = PBXFileReference; fileEncoding = 4; lastKnownFileType = sourcecode.c.h; path = MenuDataProvider.h; sourceTree = "<group>"; };
		2265A6FF1964292D0059EC0E /* MenuDataProvider.m */ = {isa = PBXFileReference; fileEncoding = 4; lastKnownFileType = sourcecode.c.objc; path = MenuDataProvider.m; sourceTree = "<group>"; };
		2265A70319642B1B0059EC0E /* RequestManager.h */ = {isa = PBXFileReference; fileEncoding = 4; lastKnownFileType = sourcecode.c.h; path = RequestManager.h; sourceTree = "<group>"; };
		2265A70419642B1B0059EC0E /* RequestManager.m */ = {isa = PBXFileReference; fileEncoding = 4; lastKnownFileType = sourcecode.c.objc; path = RequestManager.m; sourceTree = "<group>"; };
		2295C92B1955B5EE00D6A4D7 /* MenuViewController.h */ = {isa = PBXFileReference; fileEncoding = 4; lastKnownFileType = sourcecode.c.h; path = MenuViewController.h; sourceTree = "<group>"; };
		2295C92C1955B5EE00D6A4D7 /* MenuViewController.m */ = {isa = PBXFileReference; fileEncoding = 4; lastKnownFileType = sourcecode.c.objc; path = MenuViewController.m; sourceTree = "<group>"; };
		2B1ABB9B1958466500BF5678 /* MapDataParser.h */ = {isa = PBXFileReference; fileEncoding = 4; lastKnownFileType = sourcecode.c.h; name = MapDataParser.h; path = MapDataParser/MapDataParser.h; sourceTree = "<group>"; };
		2B1ABB9C1958466500BF5678 /* MapDataParser.m */ = {isa = PBXFileReference; fileEncoding = 4; lastKnownFileType = sourcecode.c.objc; name = MapDataParser.m; path = MapDataParser/MapDataParser.m; sourceTree = "<group>"; };
		632C192A1964134200471DB6 /* ItemDescription.h */ = {isa = PBXFileReference; fileEncoding = 4; lastKnownFileType = sourcecode.c.h; name = ItemDescription.h; path = ItemDescription/ItemDescription.h; sourceTree = "<group>"; };
		632C192B1964134200471DB6 /* ItemDescription.m */ = {isa = PBXFileReference; fileEncoding = 4; lastKnownFileType = sourcecode.c.objc; name = ItemDescription.m; path = ItemDescription/ItemDescription.m; sourceTree = "<group>"; };
		632C192C1964134200471DB6 /* ItemDescription.xib */ = {isa = PBXFileReference; fileEncoding = 4; lastKnownFileType = file.xib; name = ItemDescription.xib; path = ItemDescription/ItemDescription.xib; sourceTree = "<group>"; };
		C348B3D1193DE5E90004808D /* RemoteDataProvider.h */ = {isa = PBXFileReference; fileEncoding = 4; lastKnownFileType = sourcecode.c.h; path = RemoteDataProvider.h; sourceTree = "<group>"; };
		C348B3D2193DE5E90004808D /* RemoteDataProvider.m */ = {isa = PBXFileReference; fileEncoding = 4; lastKnownFileType = sourcecode.c.objc; path = RemoteDataProvider.m; sourceTree = "<group>"; };
		C348B3D5193DE68B0004808D /* PDataParser.h */ = {isa = PBXFileReference; fileEncoding = 4; lastKnownFileType = sourcecode.c.h; path = PDataParser.h; sourceTree = "<group>"; };
		ED58B565196BEAB300396CED /* UserRole.h */ = {isa = PBXFileReference; fileEncoding = 4; lastKnownFileType = sourcecode.c.h; path = UserRole.h; sourceTree = "<group>"; };
		ED58B566196BEAB300396CED /* UserRole.m */ = {isa = PBXFileReference; fileEncoding = 4; lastKnownFileType = sourcecode.c.objc; path = UserRole.m; sourceTree = "<group>"; };
		ED89D3E61965B08A00882F5C /* OrderItemModel.h */ = {isa = PBXFileReference; fileEncoding = 4; lastKnownFileType = sourcecode.c.h; path = OrderItemModel.h; sourceTree = "<group>"; };
		ED89D3E71965B08A00882F5C /* OrderItemModel.m */ = {isa = PBXFileReference; fileEncoding = 4; lastKnownFileType = sourcecode.c.objc; path = OrderItemModel.m; sourceTree = "<group>"; };
		ED89D3E81965B08A00882F5C /* OrderModel.h */ = {isa = PBXFileReference; fileEncoding = 4; lastKnownFileType = sourcecode.c.h; path = OrderModel.h; sourceTree = "<group>"; };
		ED89D3E91965B08A00882F5C /* OrderModel.m */ = {isa = PBXFileReference; fileEncoding = 4; lastKnownFileType = sourcecode.c.objc; path = OrderModel.m; sourceTree = "<group>"; };
		ED89D3EA1965B08A00882F5C /* WaiterTableModel.h */ = {isa = PBXFileReference; fileEncoding = 4; lastKnownFileType = sourcecode.c.h; path = WaiterTableModel.h; sourceTree = "<group>"; };
		ED89D3EB1965B08A00882F5C /* WaiterTableModel.m */ = {isa = PBXFileReference; fileEncoding = 4; lastKnownFileType = sourcecode.c.objc; path = WaiterTableModel.m; sourceTree = "<group>"; };
		ED89D3EF1965B0AA00882F5C /* WaiterMapModel.h */ = {isa = PBXFileReference; fileEncoding = 4; lastKnownFileType = sourcecode.c.h; path = WaiterMapModel.h; sourceTree = "<group>"; };
		ED89D3F01965B0AA00882F5C /* WaiterMapModel.m */ = {isa = PBXFileReference; fileEncoding = 4; lastKnownFileType = sourcecode.c.objc; path = WaiterMapModel.m; sourceTree = "<group>"; };
		ED9AAE881959B8BA00656681 /* MapViewController.h */ = {isa = PBXFileReference; fileEncoding = 4; lastKnownFileType = sourcecode.c.h; path = MapViewController.h; sourceTree = "<group>"; };
		ED9AAE891959B8BA00656681 /* MapViewController.m */ = {isa = PBXFileReference; fileEncoding = 4; lastKnownFileType = sourcecode.c.objc; path = MapViewController.m; sourceTree = "<group>"; };
		ED9AAE8B1959B8BA00656681 /* TableView.h */ = {isa = PBXFileReference; fileEncoding = 4; lastKnownFileType = sourcecode.c.h; path = TableView.h; sourceTree = "<group>"; };
		ED9AAE8C1959B8BA00656681 /* TableView.m */ = {isa = PBXFileReference; fileEncoding = 4; lastKnownFileType = sourcecode.c.objc; path = TableView.m; sourceTree = "<group>"; };
		EDA13E27196ADCC400CF579C /* map_icon.png */ = {isa = PBXFileReference; lastKnownFileType = image.png; path = map_icon.png; sourceTree = "<group>"; };
		EDA13E28196ADCC400CF579C /* map_waiter_icon.png */ = {isa = PBXFileReference; lastKnownFileType = image.png; path = map_waiter_icon.png; sourceTree = "<group>"; };
		EDA13E29196ADCC400CF579C /* menu_icon.png */ = {isa = PBXFileReference; lastKnownFileType = image.png; path = menu_icon.png; sourceTree = "<group>"; };
		EDA4E34C196BD97F008E7CE2 /* home_page_icon.png */ = {isa = PBXFileReference; lastKnownFileType = image.png; path = home_page_icon.png; sourceTree = "<group>"; };
		EDBDFE10196720C700E65DCA /* SWRevealViewController.h */ = {isa = PBXFileReference; fileEncoding = 4; lastKnownFileType = sourcecode.c.h; path = SWRevealViewController.h; sourceTree = "<group>"; };
		EDBDFE11196720C700E65DCA /* SWRevealViewController.m */ = {isa = PBXFileReference; fileEncoding = 4; lastKnownFileType = sourcecode.c.objc; path = SWRevealViewController.m; sourceTree = "<group>"; };
		EDBDFE141967218600E65DCA /* OrdersViewController.h */ = {isa = PBXFileReference; fileEncoding = 4; lastKnownFileType = sourcecode.c.h; path = OrdersViewController.h; sourceTree = "<group>"; };
		EDBDFE151967218600E65DCA /* OrdersViewController.m */ = {isa = PBXFileReference; fileEncoding = 4; lastKnownFileType = sourcecode.c.objc; path = OrdersViewController.m; sourceTree = "<group>"; };
		EDBDFE171967218600E65DCA /* SidebarViewController.h */ = {isa = PBXFileReference; fileEncoding = 4; lastKnownFileType = sourcecode.c.h; path = SidebarViewController.h; sourceTree = "<group>"; };
		EDBDFE181967218600E65DCA /* SidebarViewController.m */ = {isa = PBXFileReference; fileEncoding = 4; lastKnownFileType = sourcecode.c.objc; path = SidebarViewController.m; sourceTree = "<group>"; };
		EDBDFE231967219000E65DCA /* menu.png */ = {isa = PBXFileReference; lastKnownFileType = image.png; path = menu.png; sourceTree = "<group>"; };
		EDBDFE241967219000E65DCA /* menu@2x.png */ = {isa = PBXFileReference; lastKnownFileType = image.png; path = "menu@2x.png"; sourceTree = "<group>"; };
		EDCE5C82196BE3F800496B34 /* HomeViewController.h */ = {isa = PBXFileReference; fileEncoding = 4; lastKnownFileType = sourcecode.c.h; path = HomeViewController.h; sourceTree = "<group>"; };
		EDCE5C83196BE3F800496B34 /* HomeViewController.m */ = {isa = PBXFileReference; fileEncoding = 4; lastKnownFileType = sourcecode.c.objc; path = HomeViewController.m; sourceTree = "<group>"; };
		EDCE5C86196BE4C600496B34 /* role_client_icon.png */ = {isa = PBXFileReference; lastKnownFileType = image.png; path = role_client_icon.png; sourceTree = "<group>"; };
		EDCE5C87196BE4C600496B34 /* role_waiter_icon.png */ = {isa = PBXFileReference; lastKnownFileType = image.png; path = role_waiter_icon.png; sourceTree = "<group>"; };
		EDE50DF3193E10D400ACA71D /* PServiceAgent.h */ = {isa = PBXFileReference; fileEncoding = 4; lastKnownFileType = sourcecode.c.h; name = PServiceAgent.h; path = ServiceAgent/PServiceAgent.h; sourceTree = "<group>"; };
		EDE50DF5193E110500ACA71D /* ServiceAgent.h */ = {isa = PBXFileReference; fileEncoding = 4; lastKnownFileType = sourcecode.c.h; name = ServiceAgent.h; path = ServiceAgent/ServiceAgent.h; sourceTree = "<group>"; };
		EDE50DF6193E110500ACA71D /* ServiceAgent.m */ = {isa = PBXFileReference; fileEncoding = 4; lastKnownFileType = sourcecode.c.objc; name = ServiceAgent.m; path = ServiceAgent/ServiceAgent.m; sourceTree = "<group>"; };
		EDEC47241956F9950041B98B /* MapModel.h */ = {isa = PBXFileReference; fileEncoding = 4; lastKnownFileType = sourcecode.c.h; path = MapModel.h; sourceTree = "<group>"; };
		EDEC47251956F9950041B98B /* MapModel.m */ = {isa = PBXFileReference; fileEncoding = 4; lastKnownFileType = sourcecode.c.objc; path = MapModel.m; sourceTree = "<group>"; };
		EDEC47271956F9950041B98B /* TableModel.h */ = {isa = PBXFileReference; fileEncoding = 4; lastKnownFileType = sourcecode.c.h; path = TableModel.h; sourceTree = "<group>"; };
		EDEC47281956F9950041B98B /* TableModel.m */ = {isa = PBXFileReference; fileEncoding = 4; lastKnownFileType = sourcecode.c.objc; path = TableModel.m; sourceTree = "<group>"; };
		EDEC472D1956FACB0041B98B /* MenuCategoryModel.h */ = {isa = PBXFileReference; fileEncoding = 4; lastKnownFileType = sourcecode.c.h; path = MenuCategoryModel.h; sourceTree = "<group>"; };
		EDEC472E1956FACB0041B98B /* MenuCategoryModel.m */ = {isa = PBXFileReference; fileEncoding = 4; lastKnownFileType = sourcecode.c.objc; path = MenuCategoryModel.m; sourceTree = "<group>"; };
		EDEC47301956FACB0041B98B /* MenuItemModel.h */ = {isa = PBXFileReference; fileEncoding = 4; lastKnownFileType = sourcecode.c.h; path = MenuItemModel.h; sourceTree = "<group>"; };
		EDEC47311956FACB0041B98B /* MenuItemModel.m */ = {isa = PBXFileReference; fileEncoding = 4; lastKnownFileType = sourcecode.c.objc; path = MenuItemModel.m; sourceTree = "<group>"; };
		EDEC47321956FACB0041B98B /* MenuModel.h */ = {isa = PBXFileReference; fileEncoding = 4; lastKnownFileType = sourcecode.c.h; path = MenuModel.h; sourceTree = "<group>"; };
		EDEC47331956FACB0041B98B /* MenuModel.m */ = {isa = PBXFileReference; fileEncoding = 4; lastKnownFileType = sourcecode.c.objc; path = MenuModel.m; sourceTree = "<group>"; };
		EDEC47391956FBB90041B98B /* MenuDataParser.h */ = {isa = PBXFileReference; fileEncoding = 4; lastKnownFileType = sourcecode.c.h; path = MenuDataParser.h; sourceTree = "<group>"; };
		EDEC473A1956FBB90041B98B /* MenuDataParser.m */ = {isa = PBXFileReference; fileEncoding = 4; lastKnownFileType = sourcecode.c.objc; path = MenuDataParser.m; sourceTree = "<group>"; };
		FA336C1919335B950007CC76 /* LV-116.iOS.SS.Restaurant.app */ = {isa = PBXFileReference; explicitFileType = wrapper.application; includeInIndex = 0; path = "LV-116.iOS.SS.Restaurant.app"; sourceTree = BUILT_PRODUCTS_DIR; };
		FA336C1C19335B950007CC76 /* Foundation.framework */ = {isa = PBXFileReference; lastKnownFileType = wrapper.framework; name = Foundation.framework; path = System/Library/Frameworks/Foundation.framework; sourceTree = SDKROOT; };
		FA336C1E19335B950007CC76 /* CoreGraphics.framework */ = {isa = PBXFileReference; lastKnownFileType = wrapper.framework; name = CoreGraphics.framework; path = System/Library/Frameworks/CoreGraphics.framework; sourceTree = SDKROOT; };
		FA336C2019335B950007CC76 /* UIKit.framework */ = {isa = PBXFileReference; lastKnownFileType = wrapper.framework; name = UIKit.framework; path = System/Library/Frameworks/UIKit.framework; sourceTree = SDKROOT; };
		FA336C2419335B950007CC76 /* LV-116.iOS.SS.Restaurant-Info.plist */ = {isa = PBXFileReference; lastKnownFileType = text.plist.xml; path = "LV-116.iOS.SS.Restaurant-Info.plist"; sourceTree = "<group>"; };
		FA336C2619335B950007CC76 /* en */ = {isa = PBXFileReference; lastKnownFileType = text.plist.strings; name = en; path = en.lproj/InfoPlist.strings; sourceTree = "<group>"; };
		FA336C2819335B950007CC76 /* main.m */ = {isa = PBXFileReference; lastKnownFileType = sourcecode.c.objc; path = main.m; sourceTree = "<group>"; };
		FA336C2A19335B950007CC76 /* LV-116.iOS.SS.Restaurant-Prefix.pch */ = {isa = PBXFileReference; lastKnownFileType = sourcecode.c.h; path = "LV-116.iOS.SS.Restaurant-Prefix.pch"; sourceTree = "<group>"; };
		FA336C2B19335B950007CC76 /* AppDelegate.h */ = {isa = PBXFileReference; lastKnownFileType = sourcecode.c.h; path = AppDelegate.h; sourceTree = "<group>"; };
		FA336C2C19335B950007CC76 /* AppDelegate.m */ = {isa = PBXFileReference; lastKnownFileType = sourcecode.c.objc; path = AppDelegate.m; sourceTree = "<group>"; };
		FA336C2F19335B950007CC76 /* Base */ = {isa = PBXFileReference; lastKnownFileType = file.storyboard; name = Base; path = Base.lproj/Main_iPhone.storyboard; sourceTree = "<group>"; };
		FA336C3219335B950007CC76 /* Base */ = {isa = PBXFileReference; lastKnownFileType = file.storyboard; name = Base; path = Base.lproj/Main_iPad.storyboard; sourceTree = "<group>"; };
		FA336C3719335B950007CC76 /* Images.xcassets */ = {isa = PBXFileReference; lastKnownFileType = folder.assetcatalog; path = Images.xcassets; sourceTree = "<group>"; };
		FA336C3D19335B950007CC76 /* LV-116.iOS.SS.RestaurantTests.xctest */ = {isa = PBXFileReference; explicitFileType = wrapper.cfbundle; includeInIndex = 0; path = "LV-116.iOS.SS.RestaurantTests.xctest"; sourceTree = BUILT_PRODUCTS_DIR; };
		FA336C3E19335B950007CC76 /* XCTest.framework */ = {isa = PBXFileReference; lastKnownFileType = wrapper.framework; name = XCTest.framework; path = Library/Frameworks/XCTest.framework; sourceTree = DEVELOPER_DIR; };
		FA336C4619335B950007CC76 /* LV-116.iOS.SS.RestaurantTests-Info.plist */ = {isa = PBXFileReference; lastKnownFileType = text.plist.xml; path = "LV-116.iOS.SS.RestaurantTests-Info.plist"; sourceTree = "<group>"; };
		FA336C4819335B950007CC76 /* en */ = {isa = PBXFileReference; lastKnownFileType = text.plist.strings; name = en; path = en.lproj/InfoPlist.strings; sourceTree = "<group>"; };
		FA336C4A19335B950007CC76 /* LV_116_iOS_SS_RestaurantTests.m */ = {isa = PBXFileReference; lastKnownFileType = sourcecode.c.objc; path = LV_116_iOS_SS_RestaurantTests.m; sourceTree = "<group>"; };
/* End PBXFileReference section */

/* Begin PBXFrameworksBuildPhase section */
		FA336C1619335B950007CC76 /* Frameworks */ = {
			isa = PBXFrameworksBuildPhase;
			buildActionMask = 2147483647;
			files = (
				FA336C1F19335B950007CC76 /* CoreGraphics.framework in Frameworks */,
				FA336C2119335B950007CC76 /* UIKit.framework in Frameworks */,
				FA336C1D19335B950007CC76 /* Foundation.framework in Frameworks */,
			);
			runOnlyForDeploymentPostprocessing = 0;
		};
		FA336C3A19335B950007CC76 /* Frameworks */ = {
			isa = PBXFrameworksBuildPhase;
			buildActionMask = 2147483647;
			files = (
				FA336C3F19335B950007CC76 /* XCTest.framework in Frameworks */,
				FA336C4119335B950007CC76 /* UIKit.framework in Frameworks */,
				FA336C4019335B950007CC76 /* Foundation.framework in Frameworks */,
			);
			runOnlyForDeploymentPostprocessing = 0;
		};
/* End PBXFrameworksBuildPhase section */

/* Begin PBXGroup section */
		22346AEA195F0B5300495B2A /* MenuCategoryCell */ = {
			isa = PBXGroup;
			children = (
				22346AEB195F0B5300495B2A /* MenuCategoryCell.h */,
				22346AEC195F0B5300495B2A /* MenuCategoryCell.m */,
				22346AED195F0B5300495B2A /* MenuCategoryCell.xib */,
			);
			path = MenuCategoryCell;
			sourceTree = "<group>";
		};
		22346AF0195F0B5A00495B2A /* MenuItemCell */ = {
			isa = PBXGroup;
			children = (
				22346AF1195F0B5A00495B2A /* MenuItemCell.h */,
				22346AF2195F0B5A00495B2A /* MenuItemCell.m */,
				22346AF3195F0B5A00495B2A /* MenuItemCell.xib */,
			);
			path = MenuItemCell;
			sourceTree = "<group>";
		};
		22346B55195F204E00495B2A /* Alerts */ = {
			isa = PBXGroup;
			children = (
				22346B56195F209000495B2A /* Alert.h */,
				22346B57195F209000495B2A /* Alert.m */,
			);
			path = Alerts;
			sourceTree = "<group>";
		};
		225110151955B6B900DD4607 /* Cells */ = {
			isa = PBXGroup;
			children = (
				22346AF0195F0B5A00495B2A /* MenuItemCell */,
				22346AEA195F0B5300495B2A /* MenuCategoryCell */,
			);
			path = Cells;
			sourceTree = "<group>";
		};
		2265A6FA1964292D0059EC0E /* MapDataProvider */ = {
			isa = PBXGroup;
			children = (
				2265A6FB1964292D0059EC0E /* MapDataProvider.h */,
				2265A6FC1964292D0059EC0E /* MapDataProvider.m */,
			);
			name = MapDataProvider;
			path = DataProviders/MapDataProvider;
			sourceTree = "<group>";
		};
		2265A6FD1964292D0059EC0E /* MenuDataProvider */ = {
			isa = PBXGroup;
			children = (
				2265A6FE1964292D0059EC0E /* MenuDataProvider.h */,
				2265A6FF1964292D0059EC0E /* MenuDataProvider.m */,
			);
			name = MenuDataProvider;
			path = DataProviders/MenuDataProvider;
			sourceTree = "<group>";
		};
		2265A70219642B0A0059EC0E /* RequestManager */ = {
			isa = PBXGroup;
			children = (
				2265A70319642B1B0059EC0E /* RequestManager.h */,
				2265A70419642B1B0059EC0E /* RequestManager.m */,
			);
			path = RequestManager;
			sourceTree = "<group>";
		};
		2295C91C1955B5EE00D6A4D7 /* Controllers */ = {
			isa = PBXGroup;
			children = (
				EDCE5C81196BE3F800496B34 /* HomeViewController */,
				2295C92A1955B5EE00D6A4D7 /* MenuViewController */,
				ED9AAE871959B8BA00656681 /* MapViewController */,
				EDBDFE0E1967207F00E65DCA /* WaiterMapControllers */,
			);
			path = Controllers;
			sourceTree = "<group>";
		};
		2295C92A1955B5EE00D6A4D7 /* MenuViewController */ = {
			isa = PBXGroup;
			children = (
				632C192F1964134900471DB6 /* ItemDescription */,
				225110151955B6B900DD4607 /* Cells */,
				2295C92B1955B5EE00D6A4D7 /* MenuViewController.h */,
				2295C92C1955B5EE00D6A4D7 /* MenuViewController.m */,
			);
			path = MenuViewController;
			sourceTree = "<group>";
		};
		2B1ABB9A1958463000BF5678 /* MapDataParser */ = {
			isa = PBXGroup;
			children = (
				2B1ABB9B1958466500BF5678 /* MapDataParser.h */,
				2B1ABB9C1958466500BF5678 /* MapDataParser.m */,
			);
			name = MapDataParser;
			sourceTree = "<group>";
		};
		632C192F1964134900471DB6 /* ItemDescription */ = {
			isa = PBXGroup;
			children = (
				632C192A1964134200471DB6 /* ItemDescription.h */,
				632C192B1964134200471DB6 /* ItemDescription.m */,
				632C192C1964134200471DB6 /* ItemDescription.xib */,
			);
			name = ItemDescription;
			sourceTree = "<group>";
		};
		C348B3CF193DE5AC0004808D /* DataProviders */ = {
			isa = PBXGroup;
			children = (
				C348B3D0193DE5E90004808D /* Remote */,
				2265A6FD1964292D0059EC0E /* MenuDataProvider */,
				2265A6FA1964292D0059EC0E /* MapDataProvider */,
			);
			name = DataProviders;
			sourceTree = "<group>";
		};
		C348B3D0193DE5E90004808D /* Remote */ = {
			isa = PBXGroup;
			children = (
				C348B3D1193DE5E90004808D /* RemoteDataProvider.h */,
				C348B3D2193DE5E90004808D /* RemoteDataProvider.m */,
			);
			name = Remote;
			path = DataProviders/Remote;
			sourceTree = "<group>";
		};
		C348B3D4193DE6100004808D /* Parsers */ = {
			isa = PBXGroup;
			children = (
				C348B3D5193DE68B0004808D /* PDataParser.h */,
				EDEC47381956FBB90041B98B /* MenuDataParser */,
				2B1ABB9A1958463000BF5678 /* MapDataParser */,
			);
			path = Parsers;
			sourceTree = "<group>";
		};
		ED58B564196BEAA500396CED /* UserRole */ = {
			isa = PBXGroup;
			children = (
				ED58B565196BEAB300396CED /* UserRole.h */,
				ED58B566196BEAB300396CED /* UserRole.m */,
			);
			path = UserRole;
			sourceTree = "<group>";
		};
		ED89D3E21965B08A00882F5C /* WaiterMapModel */ = {
			isa = PBXGroup;
			children = (
				ED89D3E31965B08A00882F5C /* WaiterTableModel */,
				ED89D3EF1965B0AA00882F5C /* WaiterMapModel.h */,
				ED89D3F01965B0AA00882F5C /* WaiterMapModel.m */,
			);
			name = WaiterMapModel;
			path = Models/MapOrderModel;
			sourceTree = "<group>";
		};
		ED89D3E31965B08A00882F5C /* WaiterTableModel */ = {
			isa = PBXGroup;
			children = (
				ED89D3E41965B08A00882F5C /* OrderModel */,
				ED89D3EA1965B08A00882F5C /* WaiterTableModel.h */,
				ED89D3EB1965B08A00882F5C /* WaiterTableModel.m */,
			);
			name = WaiterTableModel;
			path = TableOrderModel;
			sourceTree = "<group>";
		};
		ED89D3E41965B08A00882F5C /* OrderModel */ = {
			isa = PBXGroup;
			children = (
				ED89D3E51965B08A00882F5C /* OrderItemModel */,
				ED89D3E81965B08A00882F5C /* OrderModel.h */,
				ED89D3E91965B08A00882F5C /* OrderModel.m */,
			);
			path = OrderModel;
			sourceTree = "<group>";
		};
		ED89D3E51965B08A00882F5C /* OrderItemModel */ = {
			isa = PBXGroup;
			children = (
				ED89D3E61965B08A00882F5C /* OrderItemModel.h */,
				ED89D3E71965B08A00882F5C /* OrderItemModel.m */,
			);
			name = OrderItemModel;
			path = ItemOrderModel;
			sourceTree = "<group>";
		};
		ED9AAE871959B8BA00656681 /* MapViewController */ = {
			isa = PBXGroup;
			children = (
				ED9AAE8A1959B8BA00656681 /* TableView */,
				ED9AAE881959B8BA00656681 /* MapViewController.h */,
				ED9AAE891959B8BA00656681 /* MapViewController.m */,
			);
			path = MapViewController;
			sourceTree = "<group>";
		};
		ED9AAE8A1959B8BA00656681 /* TableView */ = {
			isa = PBXGroup;
			children = (
				ED9AAE8B1959B8BA00656681 /* TableView.h */,
				ED9AAE8C1959B8BA00656681 /* TableView.m */,
			);
			path = TableView;
			sourceTree = "<group>";
		};
		EDA13E26196ADCC400CF579C /* SidebarRootMenuIcons */ = {
			isa = PBXGroup;
			children = (
				EDA4E34C196BD97F008E7CE2 /* home_page_icon.png */,
				EDA13E27196ADCC400CF579C /* map_icon.png */,
				EDA13E28196ADCC400CF579C /* map_waiter_icon.png */,
				EDA13E29196ADCC400CF579C /* menu_icon.png */,
			);
			path = SidebarRootMenuIcons;
			sourceTree = "<group>";
		};
		EDBDFE0E1967207F00E65DCA /* WaiterMapControllers */ = {
			isa = PBXGroup;
			children = (
				EDBDFE131967218600E65DCA /* OrdersViewController */,
				EDBDFE161967218600E65DCA /* SidebarViewController */,
				EDBDFE0F196720C700E65DCA /* SwRevealController */,
			);
			path = WaiterMapControllers;
			sourceTree = "<group>";
		};
		EDBDFE0F196720C700E65DCA /* SwRevealController */ = {
			isa = PBXGroup;
			children = (
				EDBDFE10196720C700E65DCA /* SWRevealViewController.h */,
				EDBDFE11196720C700E65DCA /* SWRevealViewController.m */,
			);
			path = SwRevealController;
			sourceTree = "<group>";
		};
		EDBDFE131967218600E65DCA /* OrdersViewController */ = {
			isa = PBXGroup;
			children = (
				EDBDFE141967218600E65DCA /* OrdersViewController.h */,
				EDBDFE151967218600E65DCA /* OrdersViewController.m */,
			);
			path = OrdersViewController;
			sourceTree = "<group>";
		};
		EDBDFE161967218600E65DCA /* SidebarViewController */ = {
			isa = PBXGroup;
			children = (
				EDBDFE171967218600E65DCA /* SidebarViewController.h */,
				EDBDFE181967218600E65DCA /* SidebarViewController.m */,
			);
			path = SidebarViewController;
			sourceTree = "<group>";
		};
		EDBDFE1B1967219000E65DCA /* Images */ = {
			isa = PBXGroup;
			children = (
				EDCE5C85196BE4C600496B34 /* RoleIcons */,
				EDA13E26196ADCC400CF579C /* SidebarRootMenuIcons */,
				EDBDFE231967219000E65DCA /* menu.png */,
				EDBDFE241967219000E65DCA /* menu@2x.png */,
			);
			path = Images;
			sourceTree = "<group>";
		};
		EDCE5C81196BE3F800496B34 /* HomeViewController */ = {
			isa = PBXGroup;
			children = (
				EDCE5C82196BE3F800496B34 /* HomeViewController.h */,
				EDCE5C83196BE3F800496B34 /* HomeViewController.m */,
			);
			path = HomeViewController;
			sourceTree = "<group>";
		};
		EDCE5C85196BE4C600496B34 /* RoleIcons */ = {
			isa = PBXGroup;
			children = (
				EDCE5C86196BE4C600496B34 /* role_client_icon.png */,
				EDCE5C87196BE4C600496B34 /* role_waiter_icon.png */,
			);
			path = RoleIcons;
			sourceTree = "<group>";
		};
		EDE50DF4193E10DA00ACA71D /* ServiceAgent */ = {
			isa = PBXGroup;
			children = (
				EDE50DF3193E10D400ACA71D /* PServiceAgent.h */,
				EDE50DF5193E110500ACA71D /* ServiceAgent.h */,
				EDE50DF6193E110500ACA71D /* ServiceAgent.m */,
			);
			name = ServiceAgent;
			sourceTree = "<group>";
		};
		EDE50DFB193E19EE00ACA71D /* Models */ = {
			isa = PBXGroup;
			children = (
				ED89D3E21965B08A00882F5C /* WaiterMapModel */,
				EDEC472B1956FACB0041B98B /* MenuModel */,
				EDEC47231956F9950041B98B /* MapModel */,
			);
			name = Models;
			sourceTree = "<group>";
		};
		EDEC47231956F9950041B98B /* MapModel */ = {
			isa = PBXGroup;
			children = (
				EDEC47261956F9950041B98B /* TableModel */,
				EDEC47241956F9950041B98B /* MapModel.h */,
				EDEC47251956F9950041B98B /* MapModel.m */,
			);
			name = MapModel;
			path = Models/MapModel;
			sourceTree = "<group>";
		};
		EDEC47261956F9950041B98B /* TableModel */ = {
			isa = PBXGroup;
			children = (
				EDEC47271956F9950041B98B /* TableModel.h */,
				EDEC47281956F9950041B98B /* TableModel.m */,
			);
			path = TableModel;
			sourceTree = "<group>";
		};
		EDEC472B1956FACB0041B98B /* MenuModel */ = {
			isa = PBXGroup;
			children = (
				EDEC472C1956FACB0041B98B /* MenuCategoryModel */,
				EDEC472F1956FACB0041B98B /* MenuItemModel */,
				EDEC47321956FACB0041B98B /* MenuModel.h */,
				EDEC47331956FACB0041B98B /* MenuModel.m */,
			);
			name = MenuModel;
			path = Models/MenuModel;
			sourceTree = "<group>";
		};
		EDEC472C1956FACB0041B98B /* MenuCategoryModel */ = {
			isa = PBXGroup;
			children = (
				EDEC472D1956FACB0041B98B /* MenuCategoryModel.h */,
				EDEC472E1956FACB0041B98B /* MenuCategoryModel.m */,
			);
			path = MenuCategoryModel;
			sourceTree = "<group>";
		};
		EDEC472F1956FACB0041B98B /* MenuItemModel */ = {
			isa = PBXGroup;
			children = (
				EDEC47301956FACB0041B98B /* MenuItemModel.h */,
				EDEC47311956FACB0041B98B /* MenuItemModel.m */,
			);
			path = MenuItemModel;
			sourceTree = "<group>";
		};
		EDEC47381956FBB90041B98B /* MenuDataParser */ = {
			isa = PBXGroup;
			children = (
				EDEC47391956FBB90041B98B /* MenuDataParser.h */,
				EDEC473A1956FBB90041B98B /* MenuDataParser.m */,
			);
			path = MenuDataParser;
			sourceTree = "<group>";
		};
		FA336C1019335B950007CC76 = {
			isa = PBXGroup;
			children = (
				FA336C2219335B950007CC76 /* LV-116.iOS.SS.Restaurant */,
				FA336C4419335B950007CC76 /* LV-116.iOS.SS.RestaurantTests */,
				FA336C1B19335B950007CC76 /* Frameworks */,
				FA336C1A19335B950007CC76 /* Products */,
			);
			sourceTree = "<group>";
		};
		FA336C1A19335B950007CC76 /* Products */ = {
			isa = PBXGroup;
			children = (
				FA336C1919335B950007CC76 /* LV-116.iOS.SS.Restaurant.app */,
				FA336C3D19335B950007CC76 /* LV-116.iOS.SS.RestaurantTests.xctest */,
			);
			name = Products;
			sourceTree = "<group>";
		};
		FA336C1B19335B950007CC76 /* Frameworks */ = {
			isa = PBXGroup;
			children = (
				FA336C1C19335B950007CC76 /* Foundation.framework */,
				FA336C1E19335B950007CC76 /* CoreGraphics.framework */,
				FA336C2019335B950007CC76 /* UIKit.framework */,
				FA336C3E19335B950007CC76 /* XCTest.framework */,
			);
			name = Frameworks;
			sourceTree = "<group>";
		};
		FA336C2219335B950007CC76 /* LV-116.iOS.SS.Restaurant */ = {
			isa = PBXGroup;
			children = (
				ED58B564196BEAA500396CED /* UserRole */,
				22346B55195F204E00495B2A /* Alerts */,
				EDE50DFB193E19EE00ACA71D /* Models */,
				2265A70219642B0A0059EC0E /* RequestManager */,
				EDE50DF4193E10DA00ACA71D /* ServiceAgent */,
				C348B3D4193DE6100004808D /* Parsers */,
				C348B3CF193DE5AC0004808D /* DataProviders */,
				2295C91C1955B5EE00D6A4D7 /* Controllers */,
				FA336C5519335CE60007CC76 /* UI */,
				FA336C5419335CCD0007CC76 /* AppDelegade */,
				FA336C2319335B950007CC76 /* Supporting Files */,
			);
			path = "LV-116.iOS.SS.Restaurant";
			sourceTree = "<group>";
		};
		FA336C2319335B950007CC76 /* Supporting Files */ = {
			isa = PBXGroup;
			children = (
				EDBDFE1B1967219000E65DCA /* Images */,
				FA336C3719335B950007CC76 /* Images.xcassets */,
				FA336C2419335B950007CC76 /* LV-116.iOS.SS.Restaurant-Info.plist */,
				FA336C2519335B950007CC76 /* InfoPlist.strings */,
				FA336C2819335B950007CC76 /* main.m */,
				FA336C2A19335B950007CC76 /* LV-116.iOS.SS.Restaurant-Prefix.pch */,
			);
			name = "Supporting Files";
			sourceTree = "<group>";
		};
		FA336C4419335B950007CC76 /* LV-116.iOS.SS.RestaurantTests */ = {
			isa = PBXGroup;
			children = (
				FA336C4A19335B950007CC76 /* LV_116_iOS_SS_RestaurantTests.m */,
				FA336C4519335B950007CC76 /* Supporting Files */,
			);
			path = "LV-116.iOS.SS.RestaurantTests";
			sourceTree = "<group>";
		};
		FA336C4519335B950007CC76 /* Supporting Files */ = {
			isa = PBXGroup;
			children = (
				FA336C4619335B950007CC76 /* LV-116.iOS.SS.RestaurantTests-Info.plist */,
				FA336C4719335B950007CC76 /* InfoPlist.strings */,
			);
			name = "Supporting Files";
			sourceTree = "<group>";
		};
		FA336C5419335CCD0007CC76 /* AppDelegade */ = {
			isa = PBXGroup;
			children = (
				FA336C2B19335B950007CC76 /* AppDelegate.h */,
				FA336C2C19335B950007CC76 /* AppDelegate.m */,
			);
			name = AppDelegade;
			sourceTree = "<group>";
		};
		FA336C5519335CE60007CC76 /* UI */ = {
			isa = PBXGroup;
			children = (
				FA336C2E19335B950007CC76 /* Main_iPhone.storyboard */,
				FA336C3119335B950007CC76 /* Main_iPad.storyboard */,
			);
			name = UI;
			sourceTree = "<group>";
		};
/* End PBXGroup section */

/* Begin PBXNativeTarget section */
		FA336C1819335B950007CC76 /* LV-116.iOS.SS.Restaurant */ = {
			isa = PBXNativeTarget;
			buildConfigurationList = FA336C4E19335B950007CC76 /* Build configuration list for PBXNativeTarget "LV-116.iOS.SS.Restaurant" */;
			buildPhases = (
				FA336C1519335B950007CC76 /* Sources */,
				FA336C1619335B950007CC76 /* Frameworks */,
				FA336C1719335B950007CC76 /* Resources */,
			);
			buildRules = (
			);
			dependencies = (
			);
			name = "LV-116.iOS.SS.Restaurant";
			productName = "LV-116.iOS.SS.Restaurant";
			productReference = FA336C1919335B950007CC76 /* LV-116.iOS.SS.Restaurant.app */;
			productType = "com.apple.product-type.application";
		};
		FA336C3C19335B950007CC76 /* LV-116.iOS.SS.RestaurantTests */ = {
			isa = PBXNativeTarget;
			buildConfigurationList = FA336C5119335B950007CC76 /* Build configuration list for PBXNativeTarget "LV-116.iOS.SS.RestaurantTests" */;
			buildPhases = (
				FA336C3919335B950007CC76 /* Sources */,
				FA336C3A19335B950007CC76 /* Frameworks */,
				FA336C3B19335B950007CC76 /* Resources */,
			);
			buildRules = (
			);
			dependencies = (
				FA336C4319335B950007CC76 /* PBXTargetDependency */,
			);
			name = "LV-116.iOS.SS.RestaurantTests";
			productName = "LV-116.iOS.SS.RestaurantTests";
			productReference = FA336C3D19335B950007CC76 /* LV-116.iOS.SS.RestaurantTests.xctest */;
			productType = "com.apple.product-type.bundle.unit-test";
		};
/* End PBXNativeTarget section */

/* Begin PBXProject section */
		FA336C1119335B950007CC76 /* Project object */ = {
			isa = PBXProject;
			attributes = {
				LastUpgradeCheck = 0510;
				ORGANIZATIONNAME = SortServe;
				TargetAttributes = {
					FA336C3C19335B950007CC76 = {
						TestTargetID = FA336C1819335B950007CC76;
					};
				};
			};
			buildConfigurationList = FA336C1419335B950007CC76 /* Build configuration list for PBXProject "LV-116.iOS.SS.Restaurant" */;
			compatibilityVersion = "Xcode 3.2";
			developmentRegion = English;
			hasScannedForEncodings = 0;
			knownRegions = (
				en,
				Base,
			);
			mainGroup = FA336C1019335B950007CC76;
			productRefGroup = FA336C1A19335B950007CC76 /* Products */;
			projectDirPath = "";
			projectRoot = "";
			targets = (
				FA336C1819335B950007CC76 /* LV-116.iOS.SS.Restaurant */,
				FA336C3C19335B950007CC76 /* LV-116.iOS.SS.RestaurantTests */,
			);
		};
/* End PBXProject section */

/* Begin PBXResourcesBuildPhase section */
		FA336C1719335B950007CC76 /* Resources */ = {
			isa = PBXResourcesBuildPhase;
			buildActionMask = 2147483647;
			files = (
				632C192E1964134200471DB6 /* ItemDescription.xib in Resources */,
				EDCE5C88196BE4C600496B34 /* role_client_icon.png in Resources */,
				EDA13E2C196ADCC400CF579C /* map_icon.png in Resources */,
				22346AEF195F0B5300495B2A /* MenuCategoryCell.xib in Resources */,
				22346AF5195F0B5A00495B2A /* MenuItemCell.xib in Resources */,
				FA336C3319335B950007CC76 /* Main_iPad.storyboard in Resources */,
				EDCE5C89196BE4C600496B34 /* role_waiter_icon.png in Resources */,
				EDA13E2D196ADCC400CF579C /* map_waiter_icon.png in Resources */,
				FA336C3819335B950007CC76 /* Images.xcassets in Resources */,
				FA336C3019335B950007CC76 /* Main_iPhone.storyboard in Resources */,
				EDBDFE331967219000E65DCA /* menu.png in Resources */,
				EDBDFE341967219000E65DCA /* menu@2x.png in Resources */,
				EDA4E34D196BD97F008E7CE2 /* home_page_icon.png in Resources */,
				EDA13E2E196ADCC400CF579C /* menu_icon.png in Resources */,
				FA336C2719335B950007CC76 /* InfoPlist.strings in Resources */,
			);
			runOnlyForDeploymentPostprocessing = 0;
		};
		FA336C3B19335B950007CC76 /* Resources */ = {
			isa = PBXResourcesBuildPhase;
			buildActionMask = 2147483647;
			files = (
				FA336C4919335B950007CC76 /* InfoPlist.strings in Resources */,
			);
			runOnlyForDeploymentPostprocessing = 0;
		};
/* End PBXResourcesBuildPhase section */

/* Begin PBXSourcesBuildPhase section */
		FA336C1519335B950007CC76 /* Sources */ = {
			isa = PBXSourcesBuildPhase;
			buildActionMask = 2147483647;
			files = (
				22346AEE195F0B5300495B2A /* MenuCategoryCell.m in Sources */,
				EDEC47361956FACB0041B98B /* MenuModel.m in Sources */,
				2295C9321955B5EE00D6A4D7 /* MenuViewController.m in Sources */,
				ED9AAE8E1959B8BA00656681 /* TableView.m in Sources */,
				ED9AAE8D1959B8BA00656681 /* MapViewController.m in Sources */,
				EDBDFE12196720C700E65DCA /* SWRevealViewController.m in Sources */,
				EDCE5C84196BE3F800496B34 /* HomeViewController.m in Sources */,
				C348B3D3193DE5E90004808D /* RemoteDataProvider.m in Sources */,
				ED89D3ED1965B08A00882F5C /* OrderModel.m in Sources */,
				ED89D3EC1965B08A00882F5C /* OrderItemModel.m in Sources */,
				EDEC473B1956FBB90041B98B /* MenuDataParser.m in Sources */,
				2B1ABB9D1958466500BF5678 /* MapDataParser.m in Sources */,
				EDBDFE1A1967218600E65DCA /* SidebarViewController.m in Sources */,
				FA336C2D19335B950007CC76 /* AppDelegate.m in Sources */,
				EDEC47291956F9950041B98B /* MapModel.m in Sources */,
				ED89D3F11965B0AA00882F5C /* WaiterMapModel.m in Sources */,
				22346AF4195F0B5A00495B2A /* MenuItemCell.m in Sources */,
				EDE50DF7193E110500ACA71D /* ServiceAgent.m in Sources */,
				EDEC47341956FACB0041B98B /* MenuCategoryModel.m in Sources */,
				22346B58195F209000495B2A /* Alert.m in Sources */,
				FA336C2919335B950007CC76 /* main.m in Sources */,
				ED89D3EE1965B08A00882F5C /* WaiterTableModel.m in Sources */,
				EDEC472A1956F9950041B98B /* TableModel.m in Sources */,
				2265A70519642B1B0059EC0E /* RequestManager.m in Sources */,
				EDBDFE191967218600E65DCA /* OrdersViewController.m in Sources */,
				EDEC47351956FACB0041B98B /* MenuItemModel.m in Sources */,
				2265A7001964292D0059EC0E /* MapDataProvider.m in Sources */,
				632C192D1964134200471DB6 /* ItemDescription.m in Sources */,
				ED58B567196BEAB300396CED /* UserRole.m in Sources */,
				2265A7011964292D0059EC0E /* MenuDataProvider.m in Sources */,
			);
			runOnlyForDeploymentPostprocessing = 0;
		};
		FA336C3919335B950007CC76 /* Sources */ = {
			isa = PBXSourcesBuildPhase;
			buildActionMask = 2147483647;
			files = (
				FA336C4B19335B950007CC76 /* LV_116_iOS_SS_RestaurantTests.m in Sources */,
			);
			runOnlyForDeploymentPostprocessing = 0;
		};
/* End PBXSourcesBuildPhase section */

/* Begin PBXTargetDependency section */
		FA336C4319335B950007CC76 /* PBXTargetDependency */ = {
			isa = PBXTargetDependency;
			target = FA336C1819335B950007CC76 /* LV-116.iOS.SS.Restaurant */;
			targetProxy = FA336C4219335B950007CC76 /* PBXContainerItemProxy */;
		};
/* End PBXTargetDependency section */

/* Begin PBXVariantGroup section */
		FA336C2519335B950007CC76 /* InfoPlist.strings */ = {
			isa = PBXVariantGroup;
			children = (
				FA336C2619335B950007CC76 /* en */,
			);
			name = InfoPlist.strings;
			sourceTree = "<group>";
		};
		FA336C2E19335B950007CC76 /* Main_iPhone.storyboard */ = {
			isa = PBXVariantGroup;
			children = (
				FA336C2F19335B950007CC76 /* Base */,
			);
			name = Main_iPhone.storyboard;
			sourceTree = "<group>";
		};
		FA336C3119335B950007CC76 /* Main_iPad.storyboard */ = {
			isa = PBXVariantGroup;
			children = (
				FA336C3219335B950007CC76 /* Base */,
			);
			name = Main_iPad.storyboard;
			sourceTree = "<group>";
		};
		FA336C4719335B950007CC76 /* InfoPlist.strings */ = {
			isa = PBXVariantGroup;
			children = (
				FA336C4819335B950007CC76 /* en */,
			);
			name = InfoPlist.strings;
			sourceTree = "<group>";
		};
/* End PBXVariantGroup section */

/* Begin XCBuildConfiguration section */
		FA336C4C19335B950007CC76 /* Debug */ = {
			isa = XCBuildConfiguration;
			buildSettings = {
				ALWAYS_SEARCH_USER_PATHS = NO;
				CLANG_CXX_LANGUAGE_STANDARD = "gnu++0x";
				CLANG_CXX_LIBRARY = "libc++";
				CLANG_ENABLE_MODULES = YES;
				CLANG_ENABLE_OBJC_ARC = YES;
				CLANG_WARN_BOOL_CONVERSION = YES;
				CLANG_WARN_CONSTANT_CONVERSION = YES;
				CLANG_WARN_DIRECT_OBJC_ISA_USAGE = YES_ERROR;
				CLANG_WARN_EMPTY_BODY = YES;
				CLANG_WARN_ENUM_CONVERSION = YES;
				CLANG_WARN_INT_CONVERSION = YES;
				CLANG_WARN_OBJC_ROOT_CLASS = YES_ERROR;
				CLANG_WARN__DUPLICATE_METHOD_MATCH = YES;
				"CODE_SIGN_IDENTITY[sdk=iphoneos*]" = "iPhone Developer";
				COPY_PHASE_STRIP = NO;
				GCC_C_LANGUAGE_STANDARD = gnu99;
				GCC_DYNAMIC_NO_PIC = NO;
				GCC_OPTIMIZATION_LEVEL = 0;
				GCC_PREPROCESSOR_DEFINITIONS = (
					"DEBUG=1",
					"$(inherited)",
				);
				GCC_SYMBOLS_PRIVATE_EXTERN = NO;
				GCC_WARN_64_TO_32_BIT_CONVERSION = YES;
				GCC_WARN_ABOUT_RETURN_TYPE = YES_ERROR;
				GCC_WARN_UNDECLARED_SELECTOR = YES;
				GCC_WARN_UNINITIALIZED_AUTOS = YES_AGGRESSIVE;
				GCC_WARN_UNUSED_FUNCTION = YES;
				GCC_WARN_UNUSED_VARIABLE = YES;
				IPHONEOS_DEPLOYMENT_TARGET = 7.1;
				ONLY_ACTIVE_ARCH = YES;
				SDKROOT = iphoneos;
				TARGETED_DEVICE_FAMILY = "1,2";
			};
			name = Debug;
		};
		FA336C4D19335B950007CC76 /* Release */ = {
			isa = XCBuildConfiguration;
			buildSettings = {
				ALWAYS_SEARCH_USER_PATHS = NO;
				CLANG_CXX_LANGUAGE_STANDARD = "gnu++0x";
				CLANG_CXX_LIBRARY = "libc++";
				CLANG_ENABLE_MODULES = YES;
				CLANG_ENABLE_OBJC_ARC = YES;
				CLANG_WARN_BOOL_CONVERSION = YES;
				CLANG_WARN_CONSTANT_CONVERSION = YES;
				CLANG_WARN_DIRECT_OBJC_ISA_USAGE = YES_ERROR;
				CLANG_WARN_EMPTY_BODY = YES;
				CLANG_WARN_ENUM_CONVERSION = YES;
				CLANG_WARN_INT_CONVERSION = YES;
				CLANG_WARN_OBJC_ROOT_CLASS = YES_ERROR;
				CLANG_WARN__DUPLICATE_METHOD_MATCH = YES;
				"CODE_SIGN_IDENTITY[sdk=iphoneos*]" = "iPhone Developer";
				COPY_PHASE_STRIP = YES;
				ENABLE_NS_ASSERTIONS = NO;
				GCC_C_LANGUAGE_STANDARD = gnu99;
				GCC_WARN_64_TO_32_BIT_CONVERSION = YES;
				GCC_WARN_ABOUT_RETURN_TYPE = YES_ERROR;
				GCC_WARN_UNDECLARED_SELECTOR = YES;
				GCC_WARN_UNINITIALIZED_AUTOS = YES_AGGRESSIVE;
				GCC_WARN_UNUSED_FUNCTION = YES;
				GCC_WARN_UNUSED_VARIABLE = YES;
				IPHONEOS_DEPLOYMENT_TARGET = 7.1;
				SDKROOT = iphoneos;
				TARGETED_DEVICE_FAMILY = "1,2";
				VALIDATE_PRODUCT = YES;
			};
			name = Release;
		};
		FA336C4F19335B950007CC76 /* Debug */ = {
			isa = XCBuildConfiguration;
			buildSettings = {
				ASSETCATALOG_COMPILER_APPICON_NAME = AppIcon;
				ASSETCATALOG_COMPILER_LAUNCHIMAGE_NAME = LaunchImage;
				GCC_PRECOMPILE_PREFIX_HEADER = YES;
				GCC_PREFIX_HEADER = "LV-116.iOS.SS.Restaurant/LV-116.iOS.SS.Restaurant-Prefix.pch";
				INFOPLIST_FILE = "LV-116.iOS.SS.Restaurant/LV-116.iOS.SS.Restaurant-Info.plist";
				IPHONEOS_DEPLOYMENT_TARGET = 7.0;
				PRODUCT_NAME = "$(TARGET_NAME)";
				WRAPPER_EXTENSION = app;
			};
			name = Debug;
		};
		FA336C5019335B950007CC76 /* Release */ = {
			isa = XCBuildConfiguration;
			buildSettings = {
				ASSETCATALOG_COMPILER_APPICON_NAME = AppIcon;
				ASSETCATALOG_COMPILER_LAUNCHIMAGE_NAME = LaunchImage;
				GCC_PRECOMPILE_PREFIX_HEADER = YES;
				GCC_PREFIX_HEADER = "LV-116.iOS.SS.Restaurant/LV-116.iOS.SS.Restaurant-Prefix.pch";
				INFOPLIST_FILE = "LV-116.iOS.SS.Restaurant/LV-116.iOS.SS.Restaurant-Info.plist";
				IPHONEOS_DEPLOYMENT_TARGET = 7.0;
				PRODUCT_NAME = "$(TARGET_NAME)";
				WRAPPER_EXTENSION = app;
			};
			name = Release;
		};
		FA336C5219335B950007CC76 /* Debug */ = {
			isa = XCBuildConfiguration;
			buildSettings = {
				BUNDLE_LOADER = "$(BUILT_PRODUCTS_DIR)/LV-116.iOS.SS.Restaurant.app/LV-116.iOS.SS.Restaurant";
				FRAMEWORK_SEARCH_PATHS = (
					"$(SDKROOT)/Developer/Library/Frameworks",
					"$(inherited)",
					"$(DEVELOPER_FRAMEWORKS_DIR)",
				);
				GCC_PRECOMPILE_PREFIX_HEADER = YES;
				GCC_PREFIX_HEADER = "LV-116.iOS.SS.Restaurant/LV-116.iOS.SS.Restaurant-Prefix.pch";
				GCC_PREPROCESSOR_DEFINITIONS = (
					"DEBUG=1",
					"$(inherited)",
				);
				INFOPLIST_FILE = "LV-116.iOS.SS.RestaurantTests/LV-116.iOS.SS.RestaurantTests-Info.plist";
				IPHONEOS_DEPLOYMENT_TARGET = 7.0;
				PRODUCT_NAME = "$(TARGET_NAME)";
				TEST_HOST = "$(BUNDLE_LOADER)";
				WRAPPER_EXTENSION = xctest;
			};
			name = Debug;
		};
		FA336C5319335B950007CC76 /* Release */ = {
			isa = XCBuildConfiguration;
			buildSettings = {
				BUNDLE_LOADER = "$(BUILT_PRODUCTS_DIR)/LV-116.iOS.SS.Restaurant.app/LV-116.iOS.SS.Restaurant";
				FRAMEWORK_SEARCH_PATHS = (
					"$(SDKROOT)/Developer/Library/Frameworks",
					"$(inherited)",
					"$(DEVELOPER_FRAMEWORKS_DIR)",
				);
				GCC_PRECOMPILE_PREFIX_HEADER = YES;
				GCC_PREFIX_HEADER = "LV-116.iOS.SS.Restaurant/LV-116.iOS.SS.Restaurant-Prefix.pch";
				INFOPLIST_FILE = "LV-116.iOS.SS.RestaurantTests/LV-116.iOS.SS.RestaurantTests-Info.plist";
				IPHONEOS_DEPLOYMENT_TARGET = 7.0;
				PRODUCT_NAME = "$(TARGET_NAME)";
				TEST_HOST = "$(BUNDLE_LOADER)";
				WRAPPER_EXTENSION = xctest;
			};
			name = Release;
		};
/* End XCBuildConfiguration section */

/* Begin XCConfigurationList section */
		FA336C1419335B950007CC76 /* Build configuration list for PBXProject "LV-116.iOS.SS.Restaurant" */ = {
			isa = XCConfigurationList;
			buildConfigurations = (
				FA336C4C19335B950007CC76 /* Debug */,
				FA336C4D19335B950007CC76 /* Release */,
			);
			defaultConfigurationIsVisible = 0;
			defaultConfigurationName = Release;
		};
		FA336C4E19335B950007CC76 /* Build configuration list for PBXNativeTarget "LV-116.iOS.SS.Restaurant" */ = {
			isa = XCConfigurationList;
			buildConfigurations = (
				FA336C4F19335B950007CC76 /* Debug */,
				FA336C5019335B950007CC76 /* Release */,
			);
			defaultConfigurationIsVisible = 0;
			defaultConfigurationName = Release;
		};
		FA336C5119335B950007CC76 /* Build configuration list for PBXNativeTarget "LV-116.iOS.SS.RestaurantTests" */ = {
			isa = XCConfigurationList;
			buildConfigurations = (
				FA336C5219335B950007CC76 /* Debug */,
				FA336C5319335B950007CC76 /* Release */,
			);
			defaultConfigurationIsVisible = 0;
			defaultConfigurationName = Release;
		};
/* End XCConfigurationList section */
	};
	rootObject = FA336C1119335B950007CC76 /* Project object */;
}
